
Microsoft Visual Studio Solution File, Format Version 12.00
# Visual Studio Version 17
VisualStudioVersion = 17.5.33530.505
MinimumVisualStudioVersion = 10.0.40219.1
Project("{FAE04EC0-301F-11D3-BF4B-00C04F79EFBC}") = "paint", "paint\paint.csproj", "{63F06DCA-7FB0-44CC-ACAF-5356B4D67F5A}"
EndProject
Global
	GlobalSection(SolutionConfigurationPlatforms) = preSolution
		Debug|Any CPU = Debug|Any CPU
		Release|Any CPU = Release|Any CPU
	EndGlobalSection
	GlobalSection(ProjectConfigurationPlatforms) = postSolution
		{63F06DCA-7FB0-44CC-ACAF-5356B4D67F5A}.Debug|Any CPU.ActiveCfg = Debug|Any CPU
		{63F06DCA-7FB0-44CC-ACAF-5356B4D67F5A}.Debug|Any CPU.Build.0 = Debug|Any CPU
		{63F06DCA-7FB0-44CC-ACAF-5356B4D67F5A}.Release|Any CPU.ActiveCfg = Release|Any CPU
		{63F06DCA-7FB0-44CC-ACAF-5356B4D67F5A}.Release|Any CPU.Build.0 = Release|Any CPU
	EndGlobalSection
	GlobalSection(SolutionProperties) = preSolution
		HideSolutionNode = FALSE
	EndGlobalSection
	GlobalSection(ExtensibilityGlobals) = postSolution
		SolutionGuid = {3C524796-11CC-44E7-90FD-E4043450BE4F}
	EndGlobalSection
EndGlobal
